PODS:
  - Flutter (1.0.0)
  - NDT7 (0.0.4)
  - ndt7_client (0.0.1):
    - Flutter
    - NDT7 (~> 0.0.4)

DEPENDENCIES:
  - Flutter (from `Flutter`)
  - ndt7_client (from `.symlinks/plugins/ndt7_client/ios`)

SPEC REPOS:
  trunk:
    - NDT7

EXTERNAL SOURCES:
  Flutter:
    :path: Flutter
  ndt7_client:
    :path: ".symlinks/plugins/ndt7_client/ios"

SPEC CHECKSUMS:
  Flutter: f04841e97a9d0b0a8025694d0796dd46242b2854
  NDT7: db6448ebf5648c2f1721bf3b473470ab201f4145
  ndt7_client: 78eda2f43b2f3b910875ce86601349f598aa47e7

PODFILE CHECKSUM: 8514fce87073ef86bae07f41ae348d5c45a9d465

COCOAPODS: 1.11.3
